dependencies:
- name: rancher-monitoring
  repository: https://charts.rancher.io
  version: 102.0.2+up40.1.2
- name: rancher-monitoring-crd
  repository: https://charts.rancher.io
  version: 102.0.1+up40.1.2
digest: sha256:247c3a63bc5590770fe5f5117730efd7ae215f959d54b7ea159761388c8eb09a
generated: "2023-09-22T05:33:16.391488226Z"
